
Microsoft Visual Studio Solution File, Format Version 12.00
# Visual Studio Version 18
VisualStudioVersion = 18.0.11205.157 d18.0
MinimumVisualStudioVersion = 10.0.40219.1
Project("{FAE04EC0-301F-11D3-BF4B-00C04F79EFBC}") = "GymAPI", "GymAPI\GymAPI.csproj", "{30005501-59D5-4E2C-863C-80B346831137}"
EndProject
Project("{FAE04EC0-301F-11D3-BF4B-00C04F79EFBC}") = "GymClient", "GymClient\GymClient.csproj", "{23B7A2A7-1178-4C00-BFF3-1F72507133B3}"
EndProject
Global
	GlobalSection(SolutionConfigurationPlatforms) = preSolution
		Debug|Any CPU = Debug|Any CPU
		Release|Any CPU = Release|Any CPU
	EndGlobalSection
	GlobalSection(ProjectConfigurationPlatforms) = postSolution
		{30005501-59D5-4E2C-863C-80B346831137}.Debug|Any CPU.ActiveCfg = Debug|Any CPU
		{30005501-59D5-4E2C-863C-80B346831137}.Debug|Any CPU.Build.0 = Debug|Any CPU
		{30005501-59D5-4E2C-863C-80B346831137}.Release|Any CPU.ActiveCfg = Release|Any CPU
		{30005501-59D5-4E2C-863C-80B346831137}.Release|Any CPU.Build.0 = Release|Any CPU
		{23B7A2A7-1178-4C00-BFF3-1F72507133B3}.Debug|Any CPU.ActiveCfg = Debug|Any CPU
		{23B7A2A7-1178-4C00-BFF3-1F72507133B3}.Debug|Any CPU.Build.0 = Debug|Any CPU
		{23B7A2A7-1178-4C00-BFF3-1F72507133B3}.Release|Any CPU.ActiveCfg = Release|Any CPU
		{23B7A2A7-1178-4C00-BFF3-1F72507133B3}.Release|Any CPU.Build.0 = Release|Any CPU
	EndGlobalSection
	GlobalSection(SolutionProperties) = preSolution
		HideSolutionNode = FALSE
	EndGlobalSection
	GlobalSection(ExtensibilityGlobals) = postSolution
		SolutionGuid = {C9B7B3C6-FBCA-4416-A54E-C27F62D62A39}
	EndGlobalSection
EndGlobal
